
Microsoft Visual Studio Solution File, Format Version 12.00
# Visual Studio 2012
Project("{FAE04EC0-301F-11D3-BF4B-00C04F79EFBC}") = "TestSpring.NET", "TestSpring.NET\TestSpring.NET.csproj", "{51C8E155-4E20-4B1E-9AD8-229556312999}"
EndProject
Global
	GlobalSection(SolutionConfigurationPlatforms) = preSolution
		Debug|Any CPU = Debug|Any CPU
		Release|Any CPU = Release|Any CPU
	EndGlobalSection
	GlobalSection(ProjectConfigurationPlatforms) = postSolution
		{51C8E155-4E20-4B1E-9AD8-229556312999}.Debug|Any CPU.ActiveCfg = Debug|Any CPU
		{51C8E155-4E20-4B1E-9AD8-229556312999}.Debug|Any CPU.Build.0 = Debug|Any CPU
		{51C8E155-4E20-4B1E-9AD8-229556312999}.Release|Any CPU.ActiveCfg = Release|Any CPU
		{51C8E155-4E20-4B1E-9AD8-229556312999}.Release|Any CPU.Build.0 = Release|Any CPU
	EndGlobalSection
	GlobalSection(SolutionProperties) = preSolution
		HideSolutionNode = FALSE
	EndGlobalSection
EndGlobal
